
Microsoft Visual Studio Solution File, Format Version 12.00
# Visual Studio 15
VisualStudioVersion = 15.0.28307.1000
MinimumVisualStudioVersion = 10.0.40219.1
Project("{FAE04EC0-301F-11D3-BF4B-00C04F79EFBC}") = "Rossell.DataLogic", "Rossell.DataLogic\Rossell.DataLogic.csproj", "{0978389A-6C84-438F-AC47-DA2BA7031F1B}"
EndProject
Project("{FAE04EC0-301F-11D3-BF4B-00C04F79EFBC}") = "Rossell.BusinessLogic", "Rossell.BusinessLogic\Rossell.BusinessLogic.csproj", "{277F98C2-5464-4757-8D60-77B21FCC5AE0}"
EndProject
Project("{FAE04EC0-301F-11D3-BF4B-00C04F79EFBC}") = "Rossell.BusinessEntity", "Rossell.BusinessEntity\Rossell.BusinessEntity.csproj", "{3375CFE9-DA5E-438F-AA57-A8E3BE01AACF}"
EndProject
Project("{FAE04EC0-301F-11D3-BF4B-00C04F79EFBC}") = "Rossell.Common", "Rossell.Common\Rossell.Common.csproj", "{3B530FDE-1B2D-4E9C-A1CC-04FF404E81CC}"
EndProject
Project("{FAE04EC0-301F-11D3-BF4B-00C04F79EFBC}") = "Rossell.Web", "Rossell.Web\Rossell.Web.csproj", "{2E0EB0A6-AA22-45FD-8202-86F6183664E1}"
EndProject
Project("{FAE04EC0-301F-11D3-BF4B-00C04F79EFBC}") = "Rossell.WMS", "Rossell.WMS\Rossell.WMS.csproj", "{9FD6C28C-BB56-486C-AE3E-2A35E9685D55}"
EndProject
Global
	GlobalSection(SolutionConfigurationPlatforms) = preSolution
		Debug|Any CPU = Debug|Any CPU
		Release|Any CPU = Release|Any CPU
	EndGlobalSection
	GlobalSection(ProjectConfigurationPlatforms) = postSolution
		{0978389A-6C84-438F-AC47-DA2BA7031F1B}.Debug|Any CPU.ActiveCfg = Debug|Any CPU
		{0978389A-6C84-438F-AC47-DA2BA7031F1B}.Debug|Any CPU.Build.0 = Debug|Any CPU
		{0978389A-6C84-438F-AC47-DA2BA7031F1B}.Release|Any CPU.ActiveCfg = Release|Any CPU
		{0978389A-6C84-438F-AC47-DA2BA7031F1B}.Release|Any CPU.Build.0 = Release|Any CPU
		{277F98C2-5464-4757-8D60-77B21FCC5AE0}.Debug|Any CPU.ActiveCfg = Debug|Any CPU
		{277F98C2-5464-4757-8D60-77B21FCC5AE0}.Debug|Any CPU.Build.0 = Debug|Any CPU
		{277F98C2-5464-4757-8D60-77B21FCC5AE0}.Release|Any CPU.ActiveCfg = Release|Any CPU
		{277F98C2-5464-4757-8D60-77B21FCC5AE0}.Release|Any CPU.Build.0 = Release|Any CPU
		{3375CFE9-DA5E-438F-AA57-A8E3BE01AACF}.Debug|Any CPU.ActiveCfg = Debug|Any CPU
		{3375CFE9-DA5E-438F-AA57-A8E3BE01AACF}.Debug|Any CPU.Build.0 = Debug|Any CPU
		{3375CFE9-DA5E-438F-AA57-A8E3BE01AACF}.Release|Any CPU.ActiveCfg = Release|Any CPU
		{3375CFE9-DA5E-438F-AA57-A8E3BE01AACF}.Release|Any CPU.Build.0 = Release|Any CPU
		{3B530FDE-1B2D-4E9C-A1CC-04FF404E81CC}.Debug|Any CPU.ActiveCfg = Debug|Any CPU
		{3B530FDE-1B2D-4E9C-A1CC-04FF404E81CC}.Debug|Any CPU.Build.0 = Debug|Any CPU
		{3B530FDE-1B2D-4E9C-A1CC-04FF404E81CC}.Release|Any CPU.ActiveCfg = Release|Any CPU
		{3B530FDE-1B2D-4E9C-A1CC-04FF404E81CC}.Release|Any CPU.Build.0 = Release|Any CPU
		{2E0EB0A6-AA22-45FD-8202-86F6183664E1}.Debug|Any CPU.ActiveCfg = Debug|Any CPU
		{2E0EB0A6-AA22-45FD-8202-86F6183664E1}.Debug|Any CPU.Build.0 = Debug|Any CPU
		{2E0EB0A6-AA22-45FD-8202-86F6183664E1}.Release|Any CPU.ActiveCfg = Release|Any CPU
		{2E0EB0A6-AA22-45FD-8202-86F6183664E1}.Release|Any CPU.Build.0 = Release|Any CPU
		{9FD6C28C-BB56-486C-AE3E-2A35E9685D55}.Debug|Any CPU.ActiveCfg = Debug|Any CPU
		{9FD6C28C-BB56-486C-AE3E-2A35E9685D55}.Debug|Any CPU.Build.0 = Debug|Any CPU
		{9FD6C28C-BB56-486C-AE3E-2A35E9685D55}.Release|Any CPU.ActiveCfg = Release|Any CPU
		{9FD6C28C-BB56-486C-AE3E-2A35E9685D55}.Release|Any CPU.Build.0 = Release|Any CPU
	EndGlobalSection
	GlobalSection(SolutionProperties) = preSolution
		HideSolutionNode = FALSE
	EndGlobalSection
	GlobalSection(ExtensibilityGlobals) = postSolution
		EnterpriseLibraryConfigurationToolBinariesPath = packages\Unity.2.1.505.0\lib\NET35;packages\Unity.Interception.2.1.505.0\lib\NET35;packages\EnterpriseLibrary.Common.5.0.505.0\lib\NET35;packages\EnterpriseLibrary.Data.5.0.505.0\lib\NET35;packages\EntLibContrib.Data.OdpNet.5.0.505.0\lib\NET35
		SolutionGuid = {D2C2EC50-EF08-48DA-AC4E-C5AC1C2C7236}
		EnterpriseLibraryConfigurationToolBinariesPathV6 = packages\EnterpriseLibrary.Common.6.0.1304.0\lib\NET45;packages\EnterpriseLibrary.Data.6.0.1304.0\lib\NET45;packages\EntLibContrib.Data.OdpNet.6.0.1304.0\lib\NET45;packages\EnterpriseLibrary.Logging.6.0.1304.0\lib\NET45
	EndGlobalSection
EndGlobal
